
Microsoft Visual Studio Solution File, Format Version 12.00
# Visual Studio Version 17
VisualStudioVersion = 17.0.31903.59
MinimumVisualStudioVersion = 10.0.40219.1
Project("{2150E333-8FDC-42A3-9474-1A3956D46DE8}") = "src", "src", "{827E0CD3-B72D-47B6-A68D-7590B98EB39B}"
EndProject
Project("{FAE04EC0-301F-11D3-BF4B-00C04F79EFBC}") = "AIProjectOrchestrator.API", "src\AIProjectOrchestrator.API\AIProjectOrchestrator.API.csproj", "{F06D4A57-2E0A-45BD-99C2-C3122DB29F86}"
EndProject
Project("{FAE04EC0-301F-11D3-BF4B-00C04F79EFBC}") = "AIProjectOrchestrator.Application", "src\AIProjectOrchestrator.Application\AIProjectOrchestrator.Application.csproj", "{E8AC89A3-1FB1-4814-B9E1-40CEC4DC9233}"
EndProject
Project("{FAE04EC0-301F-11D3-BF4B-00C04F79EFBC}") = "AIProjectOrchestrator.Domain", "src\AIProjectOrchestrator.Domain\AIProjectOrchestrator.Domain.csproj", "{12A39942-B0CE-4189-8CA5-74897242FCFB}"
EndProject
Project("{FAE04EC0-301F-11D3-BF4B-00C04F79EFBC}") = "AIProjectOrchestrator.Infrastructure", "src\AIProjectOrchestrator.Infrastructure\AIProjectOrchestrator.Infrastructure.csproj", "{5266E791-02C0-4943-874A-4F3BB7986CB8}"
EndProject
Project("{2150E333-8FDC-42A3-9474-1A3956D46DE8}") = "tests", "tests", "{0AB3BF05-4346-4AA6-1389-037BE0695223}"
EndProject
Project("{FAE04EC0-301F-11D3-BF4B-00C04F79EFBC}") = "AIProjectOrchestrator.UnitTests", "tests\AIProjectOrchestrator.UnitTests\AIProjectOrchestrator.UnitTests.csproj", "{6D19924E-567E-484C-9E43-3C312F69EC57}"
EndProject
Project("{FAE04EC0-301F-11D3-BF4B-00C04F79EFBC}") = "AIProjectOrchestrator.IntegrationTests", "tests\AIProjectOrchestrator.IntegrationTests\AIProjectOrchestrator.IntegrationTests.csproj", "{1C1FC5A4-7CB7-4D3B-9F58-684A2F7E4095}"
EndProject
Project("{FAE04EC0-301F-11D3-BF4B-00C04F79EFBC}") = "AIProjectOrchestrator.Web", "src\AIProjectOrchestrator.Web\AIProjectOrchestrator.Web.csproj", "{E540184B-A75D-4FFE-9460-03BBA12248B4}"
EndProject
Project("{FAE04EC0-301F-11D3-BF4B-00C04F79EFBC}") = "AIProjectOrchestrator.Web.Tests", "tests\AIProjectOrchestrator.Web.Tests\AIProjectOrchestrator.Web.Tests.csproj", "{8BDBACBB-3492-43A6-A61C-12A9D3BB3D80}"
EndProject
Global
	GlobalSection(SolutionConfigurationPlatforms) = preSolution
		Debug|Any CPU = Debug|Any CPU
		Debug|x64 = Debug|x64
		Debug|x86 = Debug|x86
		Release|Any CPU = Release|Any CPU
		Release|x64 = Release|x64
		Release|x86 = Release|x86
	EndGlobalSection
	GlobalSection(ProjectConfigurationPlatforms) = postSolution
		{F06D4A57-2E0A-45BD-99C2-C3122DB29F86}.Debug|Any CPU.ActiveCfg = Debug|Any CPU
		{F06D4A57-2E0A-45BD-99C2-C3122DB29F86}.Debug|Any CPU.Build.0 = Debug|Any CPU
		{F06D4A57-2E0A-45BD-99C2-C3122DB29F86}.Debug|x64.ActiveCfg = Debug|Any CPU
		{F06D4A57-2E0A-45BD-99C2-C3122DB29F86}.Debug|x64.Build.0 = Debug|Any CPU
		{F06D4A57-2E0A-45BD-99C2-C3122DB29F86}.Debug|x86.ActiveCfg = Debug|Any CPU
		{F06D4A57-2E0A-45BD-99C2-C3122DB29F86}.Debug|x86.Build.0 = Debug|Any CPU
		{F06D4A57-2E0A-45BD-99C2-C3122DB29F86}.Release|Any CPU.ActiveCfg = Release|Any CPU
		{F06D4A57-2E0A-45BD-99C2-C3122DB29F86}.Release|Any CPU.Build.0 = Release|Any CPU
		{F06D4A57-2E0A-45BD-99C2-C3122DB29F86}.Release|x64.ActiveCfg = Release|Any CPU
		{F06D4A57-2E0A-45BD-99C2-C3122DB29F86}.Release|x64.Build.0 = Release|Any CPU
		{F06D4A57-2E0A-45BD-99C2-C3122DB29F86}.Release|x86.ActiveCfg = Release|Any CPU
		{F06D4A57-2E0A-45BD-99C2-C3122DB29F86}.Release|x86.Build.0 = Release|Any CPU
		{E8AC89A3-1FB1-4814-B9E1-40CEC4DC9233}.Debug|Any CPU.ActiveCfg = Debug|Any CPU
		{E8AC89A3-1FB1-4814-B9E1-40CEC4DC9233}.Debug|Any CPU.Build.0 = Debug|Any CPU
		{E8AC89A3-1FB1-4814-B9E1-40CEC4DC9233}.Debug|x64.ActiveCfg = Debug|Any CPU
		{E8AC89A3-1FB1-4814-B9E1-40CEC4DC9233}.Debug|x64.Build.0 = Debug|Any CPU
		{E8AC89A3-1FB1-4814-B9E1-40CEC4DC9233}.Debug|x86.ActiveCfg = Debug|Any CPU
		{E8AC89A3-1FB1-4814-B9E1-40CEC4DC9233}.Debug|x86.Build.0 = Debug|Any CPU
		{E8AC89A3-1FB1-4814-B9E1-40CEC4DC9233}.Release|Any CPU.ActiveCfg = Release|Any CPU
		{E8AC89A3-1FB1-4814-B9E1-40CEC4DC9233}.Release|Any CPU.Build.0 = Release|Any CPU
		{E8AC89A3-1FB1-4814-B9E1-40CEC4DC9233}.Release|x64.ActiveCfg = Release|Any CPU
		{E8AC89A3-1FB1-4814-B9E1-40CEC4DC9233}.Release|x64.Build.0 = Release|Any CPU
		{E8AC89A3-1FB1-4814-B9E1-40CEC4DC9233}.Release|x86.ActiveCfg = Release|Any CPU
		{E8AC89A3-1FB1-4814-B9E1-40CEC4DC9233}.Release|x86.Build.0 = Release|Any CPU
		{12A39942-B0CE-4189-8CA5-74897242FCFB}.Debug|Any CPU.ActiveCfg = Debug|Any CPU
		{12A39942-B0CE-4189-8CA5-74897242FCFB}.Debug|Any CPU.Build.0 = Debug|Any CPU
		{12A39942-B0CE-4189-8CA5-74897242FCFB}.Debug|x64.ActiveCfg = Debug|Any CPU
		{12A39942-B0CE-4189-8CA5-74897242FCFB}.Debug|x64.Build.0 = Debug|Any CPU
		{12A39942-B0CE-4189-8CA5-74897242FCFB}.Debug|x86.ActiveCfg = Debug|Any CPU
		{12A39942-B0CE-4189-8CA5-74897242FCFB}.Debug|x86.Build.0 = Debug|Any CPU
		{12A39942-B0CE-4189-8CA5-74897242FCFB}.Release|Any CPU.ActiveCfg = Release|Any CPU
		{12A39942-B0CE-4189-8CA5-74897242FCFB}.Release|Any CPU.Build.0 = Release|Any CPU
		{12A39942-B0CE-4189-8CA5-74897242FCFB}.Release|x64.ActiveCfg = Release|Any CPU
		{12A39942-B0CE-4189-8CA5-74897242FCFB}.Release|x64.Build.0 = Release|Any CPU
		{12A39942-B0CE-4189-8CA5-74897242FCFB}.Release|x86.ActiveCfg = Release|Any CPU
		{12A39942-B0CE-4189-8CA5-74897242FCFB}.Release|x86.Build.0 = Release|Any CPU
		{5266E791-02C0-4943-874A-4F3BB7986CB8}.Debug|Any CPU.ActiveCfg = Debug|Any CPU
		{5266E791-02C0-4943-874A-4F3BB7986CB8}.Debug|Any CPU.Build.0 = Debug|Any CPU
		{5266E791-02C0-4943-874A-4F3BB7986CB8}.Debug|x64.ActiveCfg = Debug|Any CPU
		{5266E791-02C0-4943-874A-4F3BB7986CB8}.Debug|x64.Build.0 = Debug|Any CPU
		{5266E791-02C0-4943-874A-4F3BB7986CB8}.Debug|x86.ActiveCfg = Debug|Any CPU
		{5266E791-02C0-4943-874A-4F3BB7986CB8}.Debug|x86.Build.0 = Debug|Any CPU
		{5266E791-02C0-4943-874A-4F3BB7986CB8}.Release|Any CPU.ActiveCfg = Release|Any CPU
		{5266E791-02C0-4943-874A-4F3BB7986CB8}.Release|Any CPU.Build.0 = Release|Any CPU
		{5266E791-02C0-4943-874A-4F3BB7986CB8}.Release|x64.ActiveCfg = Release|Any CPU
		{5266E791-02C0-4943-874A-4F3BB7986CB8}.Release|x64.Build.0 = Release|Any CPU
		{5266E791-02C0-4943-874A-4F3BB7986CB8}.Release|x86.ActiveCfg = Release|Any CPU
		{5266E791-02C0-4943-874A-4F3BB7986CB8}.Release|x86.Build.0 = Release|Any CPU
		{6D19924E-567E-484C-9E43-3C312F69EC57}.Debug|Any CPU.ActiveCfg = Debug|Any CPU
		{6D19924E-567E-484C-9E43-3C312F69EC57}.Debug|Any CPU.Build.0 = Debug|Any CPU
		{6D19924E-567E-484C-9E43-3C312F69EC57}.Debug|x64.ActiveCfg = Debug|Any CPU
		{6D19924E-567E-484C-9E43-3C312F69EC57}.Debug|x64.Build.0 = Debug|Any CPU
		{6D19924E-567E-484C-9E43-3C312F69EC57}.Debug|x86.ActiveCfg = Debug|Any CPU
		{6D19924E-567E-484C-9E43-3C312F69EC57}.Debug|x86.Build.0 = Debug|Any CPU
		{6D19924E-567E-484C-9E43-3C312F69EC57}.Release|Any CPU.ActiveCfg = Release|Any CPU
		{6D19924E-567E-484C-9E43-3C312F69EC57}.Release|Any CPU.Build.0 = Release|Any CPU
		{6D19924E-567E-484C-9E43-3C312F69EC57}.Release|x64.ActiveCfg = Release|Any CPU
		{6D19924E-567E-484C-9E43-3C312F69EC57}.Release|x64.Build.0 = Release|Any CPU
		{6D19924E-567E-484C-9E43-3C312F69EC57}.Release|x86.ActiveCfg = Release|Any CPU
		{6D19924E-567E-484C-9E43-3C312F69EC57}.Release|x86.Build.0 = Release|Any CPU
		{1C1FC5A4-7CB7-4D3B-9F58-684A2F7E4095}.Debug|Any CPU.ActiveCfg = Debug|Any CPU
		{1C1FC5A4-7CB7-4D3B-9F58-684A2F7E4095}.Debug|Any CPU.Build.0 = Debug|Any CPU
		{1C1FC5A4-7CB7-4D3B-9F58-684A2F7E4095}.Debug|x64.ActiveCfg = Debug|Any CPU
		{1C1FC5A4-7CB7-4D3B-9F58-684A2F7E4095}.Debug|x64.Build.0 = Debug|Any CPU
		{1C1FC5A4-7CB7-4D3B-9F58-684A2F7E4095}.Debug|x86.ActiveCfg = Debug|Any CPU
		{1C1FC5A4-7CB7-4D3B-9F58-684A2F7E4095}.Debug|x86.Build.0 = Debug|Any CPU
		{1C1FC5A4-7CB7-4D3B-9F58-684A2F7E4095}.Release|Any CPU.ActiveCfg = Release|Any CPU
		{1C1FC5A4-7CB7-4D3B-9F58-684A2F7E4095}.Release|Any CPU.Build.0 = Release|Any CPU
		{1C1FC5A4-7CB7-4D3B-9F58-684A2F7E4095}.Release|x64.ActiveCfg = Release|Any CPU
		{1C1FC5A4-7CB7-4D3B-9F58-684A2F7E4095}.Release|x64.Build.0 = Release|Any CPU
		{1C1FC5A4-7CB7-4D3B-9F58-684A2F7E4095}.Release|x86.ActiveCfg = Release|Any CPU
		{1C1FC5A4-7CB7-4D3B-9F58-684A2F7E4095}.Release|x86.Build.0 = Release|Any CPU
		{E540184B-A75D-4FFE-9460-03BBA12248B4}.Debug|Any CPU.ActiveCfg = Debug|Any CPU
		{E540184B-A75D-4FFE-9460-03BBA12248B4}.Debug|Any CPU.Build.0 = Debug|Any CPU
		{E540184B-A75D-4FFE-9460-03BBA12248B4}.Debug|x64.ActiveCfg = Debug|Any CPU
		{E540184B-A75D-4FFE-9460-03BBA12248B4}.Debug|x64.Build.0 = Debug|Any CPU
		{E540184B-A75D-4FFE-9460-03BBA12248B4}.Debug|x86.ActiveCfg = Debug|Any CPU
		{E540184B-A75D-4FFE-9460-03BBA12248B4}.Debug|x86.Build.0 = Debug|Any CPU
		{E540184B-A75D-4FFE-9460-03BBA12248B4}.Release|Any CPU.ActiveCfg = Release|Any CPU
		{E540184B-A75D-4FFE-9460-03BBA12248B4}.Release|Any CPU.Build.0 = Release|Any CPU
		{E540184B-A75D-4FFE-9460-03BBA12248B4}.Release|x64.ActiveCfg = Release|Any CPU
		{E540184B-A75D-4FFE-9460-03BBA12248B4}.Release|x64.Build.0 = Release|Any CPU
		{E540184B-A75D-4FFE-9460-03BBA12248B4}.Release|x86.ActiveCfg = Release|Any CPU
		{E540184B-A75D-4FFE-9460-03BBA12248B4}.Release|x86.Build.0 = Release|Any CPU
		{8BDBACBB-3492-43A6-A61C-12A9D3BB3D80}.Debug|Any CPU.ActiveCfg = Debug|Any CPU
		{8BDBACBB-3492-43A6-A61C-12A9D3BB3D80}.Debug|Any CPU.Build.0 = Debug|Any CPU
		{8BDBACBB-3492-43A6-A61C-12A9D3BB3D80}.Debug|x64.ActiveCfg = Debug|Any CPU
		{8BDBACBB-3492-43A6-A61C-12A9D3BB3D80}.Debug|x64.Build.0 = Debug|Any CPU
		{8BDBACBB-3492-43A6-A61C-12A9D3BB3D80}.Debug|x86.ActiveCfg = Debug|Any CPU
		{8BDBACBB-3492-43A6-A61C-12A9D3BB3D80}.Debug|x86.Build.0 = Debug|Any CPU
		{8BDBACBB-3492-43A6-A61C-12A9D3BB3D80}.Release|Any CPU.ActiveCfg = Release|Any CPU
		{8BDBACBB-3492-43A6-A61C-12A9D3BB3D80}.Release|Any CPU.Build.0 = Release|Any CPU
		{8BDBACBB-3492-43A6-A61C-12A9D3BB3D80}.Release|x64.ActiveCfg = Release|Any CPU
		{8BDBACBB-3492-43A6-A61C-12A9D3BB3D80}.Release|x64.Build.0 = Release|Any CPU
		{8BDBACBB-3492-43A6-A61C-12A9D3BB3D80}.Release|x86.ActiveCfg = Release|Any CPU
		{8BDBACBB-3492-43A6-A61C-12A9D3BB3D80}.Release|x86.Build.0 = Release|Any CPU
	EndGlobalSection
	GlobalSection(SolutionProperties) = preSolution
		HideSolutionNode = FALSE
	EndGlobalSection
	GlobalSection(NestedProjects) = preSolution
		{F06D4A57-2E0A-45BD-99C2-C3122DB29F86} = {827E0CD3-B72D-47B6-A68D-7590B98EB39B}
		{E8AC89A3-1FB1-4814-B9E1-40CEC4DC9233} = {827E0CD3-B72D-47B6-A68D-7590B98EB39B}
		{12A39942-B0CE-4189-8CA5-74897242FCFB} = {827E0CD3-B72D-47B6-A68D-7590B98EB39B}
		{5266E791-02C0-4943-874A-4F3BB7986CB8} = {827E0CD3-B72D-47B6-A68D-7590B98EB39B}
		{6D19924E-567E-484C-9E43-3C312F69EC57} = {0AB3BF05-4346-4AA6-1389-037BE0695223}
		{1C1FC5A4-7CB7-4D3B-9F58-684A2F7E4095} = {0AB3BF05-4346-4AA6-1389-037BE0695223}
		{E540184B-A75D-4FFE-9460-03BBA12248B4} = {827E0CD3-B72D-47B6-A68D-7590B98EB39B}
		{8BDBACBB-3492-43A6-A61C-12A9D3BB3D80} = {0AB3BF05-4346-4AA6-1389-037BE0695223}
	EndGlobalSection
EndGlobal
